PODS:
  - AFNetworking (1.1.0)
  - Bolts (1.2.1):
    - Bolts/AppLinks (= 1.2.1)
    - Bolts/Tasks (= 1.2.1)
  - Bolts/AppLinks (1.2.1):
    - Bolts/Tasks
  - Bolts/Tasks (1.2.1)
  - Facebook-iOS-SDK (3.23.2):
    - Bolts (~> 1.0)
  - mailgun (1.0.3):
    - AFNetworking (~> 1.1.0)
  - Parse (1.8.2):
    - Bolts/Tasks (>= 1.2.1)
  - ParseFacebookUtils (1.8.2):
    - Bolts/Tasks (>= 1.2.1)
    - Facebook-iOS-SDK (~> 3.23)
    - Parse (~> 1.8.2)
  - Rollout.io (0.10.0)
  - SinchRTC (3.5.2)
  - TwilioSDK (1.2.5)

DEPENDENCIES:
  - Facebook-iOS-SDK
  - mailgun (~> 1.0.3)
  - Parse
  - ParseFacebookUtils
  - Rollout.io (~> 0.10.0)
  - SinchRTC
  - TwilioSDK (~> 1.2)

SPEC CHECKSUMS:
  AFNetworking: e6427e782b25a2289d909960df8ef41358b3277c
  Bolts: 7686a5cb204d1ac54cee26f12d9b7622db3f80d1
  Facebook-iOS-SDK: cd87f0b2f0c1d9574b44e8fa2baacc275524bac3
  mailgun: 17290deea4db24050dd03ca59cd7385d508904b3
  Parse: 188601c6cd91fae55906badd283b513104a3a8c9
  ParseFacebookUtils: 28c52272173ec19ceb7839718af8323d5b825792
  Rollout.io: accc3bb4b0e03c550ba04740033b2fd9c7acf87d
  SinchRTC: b5de8c84210666db5cbac256ff77953905364175
  TwilioSDK: 49ef46cd8bef7f05f1e3bdb003e400d77c675673

COCOAPODS: 0.38.2
